# This file is automatically @generated by Cargo.
# It is not intended for manual editing.
version = 4

[[package]]
name = "hawkeye"
version = "0.1.0"

[[package]]
name = "hawkeye-core"
version = "0.1.0"

[[package]]
name = "hawkeye-eth"
version = "0.1.0"

[[package]]
name = "hawkeye-store"
version = "0.1.0"

[[package]]
name = "hawkeye-ycash"
version = "0.1.0"
